
Microsoft Visual Studio Solution File, Format Version 12.00
# Visual Studio Version 16
VisualStudioVersion = 16.0.29409.12
MinimumVisualStudioVersion = 10.0.40219.1
Project("{FAE04EC0-301F-11D3-BF4B-00C04F79EFBC}") = "RegistroEstudiante", "RegistroEstudiante.csproj", "{128A219E-B2A1-4BB4-AB4F-DF67C689F01A}"
EndProject
Global
	GlobalSection(SolutionConfigurationPlatforms) = preSolution
		Debug|Any CPU = Debug|Any CPU
		Release|Any CPU = Release|Any CPU
	EndGlobalSection
	GlobalSection(ProjectConfigurationPlatforms) = postSolution
		{128A219E-B2A1-4BB4-AB4F-DF67C689F01A}.Debug|Any CPU.ActiveCfg = Debug|Any CPU
		{128A219E-B2A1-4BB4-AB4F-DF67C689F01A}.Debug|Any CPU.Build.0 = Debug|Any CPU
		{128A219E-B2A1-4BB4-AB4F-DF67C689F01A}.Release|Any CPU.ActiveCfg = Release|Any CPU
		{128A219E-B2A1-4BB4-AB4F-DF67C689F01A}.Release|Any CPU.Build.0 = Release|Any CPU
	EndGlobalSection
	GlobalSection(SolutionProperties) = preSolution
		HideSolutionNode = FALSE
	EndGlobalSection
	GlobalSection(ExtensibilityGlobals) = postSolution
		SolutionGuid = {111C3CCC-9AF1-4F42-8156-7AC0D7501069}
	EndGlobalSection
EndGlobal
